
Microsoft Visual Studio Solution File, Format Version 12.00
# Visual Studio 15
VisualStudioVersion = 15.0.27130.0
MinimumVisualStudioVersion = 10.0.40219.1
Project("{FAE04EC0-301F-11D3-BF4B-00C04F79EFBC}") = "webapi", "webapi\webapi.csproj", "{31F90921-2B43-406F-A1A1-6F4C52A0E5D6}"
EndProject
Project("{FAE04EC0-301F-11D3-BF4B-00C04F79EFBC}") = "webapi.Tests", "webapi.Tests\webapi.Tests.csproj", "{7F3C6DAE-AEE9-439F-A312-E7CFC340EA5A}"
EndProject
Global
	GlobalSection(SolutionConfigurationPlatforms) = preSolution
		Debug|Any CPU = Debug|Any CPU
		Release|Any CPU = Release|Any CPU
	EndGlobalSection
	GlobalSection(ProjectConfigurationPlatforms) = postSolution
		{31F90921-2B43-406F-A1A1-6F4C52A0E5D6}.Debug|Any CPU.ActiveCfg = Debug|Any CPU
		{31F90921-2B43-406F-A1A1-6F4C52A0E5D6}.Debug|Any CPU.Build.0 = Debug|Any CPU
		{31F90921-2B43-406F-A1A1-6F4C52A0E5D6}.Release|Any CPU.ActiveCfg = Release|Any CPU
		{31F90921-2B43-406F-A1A1-6F4C52A0E5D6}.Release|Any CPU.Build.0 = Release|Any CPU
		{7F3C6DAE-AEE9-439F-A312-E7CFC340EA5A}.Debug|Any CPU.ActiveCfg = Debug|Any CPU
		{7F3C6DAE-AEE9-439F-A312-E7CFC340EA5A}.Debug|Any CPU.Build.0 = Debug|Any CPU
		{7F3C6DAE-AEE9-439F-A312-E7CFC340EA5A}.Release|Any CPU.ActiveCfg = Release|Any CPU
		{7F3C6DAE-AEE9-439F-A312-E7CFC340EA5A}.Release|Any CPU.Build.0 = Release|Any CPU
	EndGlobalSection
	GlobalSection(SolutionProperties) = preSolution
		HideSolutionNode = FALSE
	EndGlobalSection
	GlobalSection(ExtensibilityGlobals) = postSolution
		SolutionGuid = {B4F2E3F0-7CF7-4CCB-AD81-3D616A24A1E3}
	EndGlobalSection
EndGlobal
